
Microsoft Visual Studio Solution File, Format Version 12.00
# Visual Studio Version 17
VisualStudioVersion = 17.9.34616.47
MinimumVisualStudioVersion = 10.0.40219.1
Project("{FAE04EC0-301F-11D3-BF4B-00C04F79EFBC}") = "WebApplication1", "WebApplication1.csproj", "{5848F59E-3D12-4DCB-A933-5F72C2C81959}"
EndProject
Global
	GlobalSection(SolutionConfigurationPlatforms) = preSolution
		Debug|Any CPU = Debug|Any CPU
		Release|Any CPU = Release|Any CPU
	EndGlobalSection
	GlobalSection(ProjectConfigurationPlatforms) = postSolution
		{5848F59E-3D12-4DCB-A933-5F72C2C81959}.Debug|Any CPU.ActiveCfg = Debug|Any CPU
		{5848F59E-3D12-4DCB-A933-5F72C2C81959}.Debug|Any CPU.Build.0 = Debug|Any CPU
		{5848F59E-3D12-4DCB-A933-5F72C2C81959}.Release|Any CPU.ActiveCfg = Release|Any CPU
		{5848F59E-3D12-4DCB-A933-5F72C2C81959}.Release|Any CPU.Build.0 = Release|Any CPU
	EndGlobalSection
	GlobalSection(SolutionProperties) = preSolution
		HideSolutionNode = FALSE
	EndGlobalSection
	GlobalSection(ExtensibilityGlobals) = postSolution
		SolutionGuid = {ED9D9E96-059D-41F1-9D13-F9282DADCF5B}
	EndGlobalSection
EndGlobal
